
Microsoft Visual Studio Solution File, Format Version 12.00
Project("{FAE04EC0-301F-11D3-BF4B-00C04F79EFBC}") = "P6Input", "P6Input\P6Input.csproj", "{CFFE90C6-8BD7-4D7A-9256-324AD4D0635E}"
EndProject
Global
	GlobalSection(SolutionConfigurationPlatforms) = preSolution
		Debug|Any CPU = Debug|Any CPU
		Release|Any CPU = Release|Any CPU
	EndGlobalSection
	GlobalSection(ProjectConfigurationPlatforms) = postSolution
		{CFFE90C6-8BD7-4D7A-9256-324AD4D0635E}.Debug|Any CPU.ActiveCfg = Debug|Any CPU
		{CFFE90C6-8BD7-4D7A-9256-324AD4D0635E}.Debug|Any CPU.Build.0 = Debug|Any CPU
		{CFFE90C6-8BD7-4D7A-9256-324AD4D0635E}.Release|Any CPU.ActiveCfg = Release|Any CPU
		{CFFE90C6-8BD7-4D7A-9256-324AD4D0635E}.Release|Any CPU.Build.0 = Release|Any CPU
	EndGlobalSection
EndGlobal
