
Microsoft Visual Studio Solution File, Format Version 12.00
Project("{FAE04EC0-301F-11D3-BF4B-00C04F79EFBC}") = "P5Conversion", "P5Conversion\P5Conversion.csproj", "{9E0AFD5B-4D11-4B55-86F5-A16CFAE58152}"
EndProject
Global
	GlobalSection(SolutionConfigurationPlatforms) = preSolution
		Debug|Any CPU = Debug|Any CPU
		Release|Any CPU = Release|Any CPU
	EndGlobalSection
	GlobalSection(ProjectConfigurationPlatforms) = postSolution
		{9E0AFD5B-4D11-4B55-86F5-A16CFAE58152}.Debug|Any CPU.ActiveCfg = Debug|Any CPU
		{9E0AFD5B-4D11-4B55-86F5-A16CFAE58152}.Debug|Any CPU.Build.0 = Debug|Any CPU
		{9E0AFD5B-4D11-4B55-86F5-A16CFAE58152}.Release|Any CPU.ActiveCfg = Release|Any CPU
		{9E0AFD5B-4D11-4B55-86F5-A16CFAE58152}.Release|Any CPU.Build.0 = Release|Any CPU
	EndGlobalSection
EndGlobal
