
Microsoft Visual Studio Solution File, Format Version 12.00
Project("{FAE04EC0-301F-11D3-BF4B-00C04F79EFBC}") = "ConsoleApp1NimGame", "ConsoleApp1NimGame\ConsoleApp1NimGame.csproj", "{0EF2CEFE-9077-4941-86E3-A384981AA97A}"
EndProject
Global
	GlobalSection(SolutionConfigurationPlatforms) = preSolution
		Debug|Any CPU = Debug|Any CPU
		Release|Any CPU = Release|Any CPU
	EndGlobalSection
	GlobalSection(ProjectConfigurationPlatforms) = postSolution
		{0EF2CEFE-9077-4941-86E3-A384981AA97A}.Debug|Any CPU.ActiveCfg = Debug|Any CPU
		{0EF2CEFE-9077-4941-86E3-A384981AA97A}.Debug|Any CPU.Build.0 = Debug|Any CPU
		{0EF2CEFE-9077-4941-86E3-A384981AA97A}.Release|Any CPU.ActiveCfg = Release|Any CPU
		{0EF2CEFE-9077-4941-86E3-A384981AA97A}.Release|Any CPU.Build.0 = Release|Any CPU
	EndGlobalSection
EndGlobal
